
Microsoft Visual Studio Solution File, Format Version 12.00
# Visual Studio Version 17
VisualStudioVersion = 17.0.31903.59
MinimumVisualStudioVersion = 10.0.40219.1
Project("{2150E333-8FDC-42A3-9474-1A3956D46DE8}") = "src", "src", "{7E84C868-D7F9-4E24-8719-35DB4ABD238B}"
EndProject
Project("{FAE04EC0-301F-11D3-BF4B-00C04F79EFBC}") = "TrafficCamera.Generator", "src\TrafficCamera.Generator\TrafficCamera.Generator.csproj", "{DF7C24E4-E42C-4D83-BB23-FF9619527EAA}"
EndProject
Project("{FAE04EC0-301F-11D3-BF4B-00C04F79EFBC}") = "TrafficCamera", "src\TrafficCamera\TrafficCamera.csproj", "{C945FA2B-08D7-4B27-A3C6-635DDEE766C0}"
EndProject
Project("{FAE04EC0-301F-11D3-BF4B-00C04F79EFBC}") = "TrafficCamera.Shared", "src\TrafficCamera.Shared\TrafficCamera.Shared.csproj", "{4B78F7B1-495D-4F20-A648-1C08B8B71F05}"
EndProject
Project("{FAE04EC0-301F-11D3-BF4B-00C04F79EFBC}") = "TrafficCamera.Benchmarks", "src\TrafficCamera.Benchmarks\TrafficCamera.Benchmarks.csproj", "{817DF6A2-906F-4850-981A-8C2D6A67BFC0}"
EndProject
Project("{2150E333-8FDC-42A3-9474-1A3956D46DE8}") = "test", "test", "{7F53A5FC-AA72-48BF-9AF6-65D3CFF70D06}"
EndProject
Project("{FAE04EC0-301F-11D3-BF4B-00C04F79EFBC}") = "TrafficCamera.Tests", "test\TrafficCamera.Tests\TrafficCamera.Tests.csproj", "{E41251DA-017D-4795-849B-91C700C9212C}"
EndProject
Project("{2150E333-8FDC-42A3-9474-1A3956D46DE8}") = "scripts", "scripts", "{0C6E2097-3F06-45B1-815B-AE61142DC7DF}"
	ProjectSection(SolutionItems) = preProject
		time_dotnet.ps1 = time_dotnet.ps1
		time_native.ps1 = time_native.ps1
	EndProjectSection
EndProject
Global
	GlobalSection(SolutionConfigurationPlatforms) = preSolution
		Debug|Any CPU = Debug|Any CPU
		Release|Any CPU = Release|Any CPU
	EndGlobalSection
	GlobalSection(SolutionProperties) = preSolution
		HideSolutionNode = FALSE
	EndGlobalSection
	GlobalSection(ProjectConfigurationPlatforms) = postSolution
		{DF7C24E4-E42C-4D83-BB23-FF9619527EAA}.Debug|Any CPU.ActiveCfg = Debug|Any CPU
		{DF7C24E4-E42C-4D83-BB23-FF9619527EAA}.Debug|Any CPU.Build.0 = Debug|Any CPU
		{DF7C24E4-E42C-4D83-BB23-FF9619527EAA}.Release|Any CPU.ActiveCfg = Release|Any CPU
		{DF7C24E4-E42C-4D83-BB23-FF9619527EAA}.Release|Any CPU.Build.0 = Release|Any CPU
		{C945FA2B-08D7-4B27-A3C6-635DDEE766C0}.Debug|Any CPU.ActiveCfg = Debug|Any CPU
		{C945FA2B-08D7-4B27-A3C6-635DDEE766C0}.Debug|Any CPU.Build.0 = Debug|Any CPU
		{C945FA2B-08D7-4B27-A3C6-635DDEE766C0}.Release|Any CPU.ActiveCfg = Release|Any CPU
		{C945FA2B-08D7-4B27-A3C6-635DDEE766C0}.Release|Any CPU.Build.0 = Release|Any CPU
		{4B78F7B1-495D-4F20-A648-1C08B8B71F05}.Debug|Any CPU.ActiveCfg = Debug|Any CPU
		{4B78F7B1-495D-4F20-A648-1C08B8B71F05}.Debug|Any CPU.Build.0 = Debug|Any CPU
		{4B78F7B1-495D-4F20-A648-1C08B8B71F05}.Release|Any CPU.ActiveCfg = Release|Any CPU
		{4B78F7B1-495D-4F20-A648-1C08B8B71F05}.Release|Any CPU.Build.0 = Release|Any CPU
		{817DF6A2-906F-4850-981A-8C2D6A67BFC0}.Debug|Any CPU.ActiveCfg = Debug|Any CPU
		{817DF6A2-906F-4850-981A-8C2D6A67BFC0}.Debug|Any CPU.Build.0 = Debug|Any CPU
		{817DF6A2-906F-4850-981A-8C2D6A67BFC0}.Release|Any CPU.ActiveCfg = Release|Any CPU
		{817DF6A2-906F-4850-981A-8C2D6A67BFC0}.Release|Any CPU.Build.0 = Release|Any CPU
		{E41251DA-017D-4795-849B-91C700C9212C}.Debug|Any CPU.ActiveCfg = Debug|Any CPU
		{E41251DA-017D-4795-849B-91C700C9212C}.Debug|Any CPU.Build.0 = Debug|Any CPU
		{E41251DA-017D-4795-849B-91C700C9212C}.Release|Any CPU.ActiveCfg = Release|Any CPU
		{E41251DA-017D-4795-849B-91C700C9212C}.Release|Any CPU.Build.0 = Release|Any CPU
	EndGlobalSection
	GlobalSection(NestedProjects) = preSolution
		{DF7C24E4-E42C-4D83-BB23-FF9619527EAA} = {7E84C868-D7F9-4E24-8719-35DB4ABD238B}
		{C945FA2B-08D7-4B27-A3C6-635DDEE766C0} = {7E84C868-D7F9-4E24-8719-35DB4ABD238B}
		{4B78F7B1-495D-4F20-A648-1C08B8B71F05} = {7E84C868-D7F9-4E24-8719-35DB4ABD238B}
		{817DF6A2-906F-4850-981A-8C2D6A67BFC0} = {7E84C868-D7F9-4E24-8719-35DB4ABD238B}
		{E41251DA-017D-4795-849B-91C700C9212C} = {7F53A5FC-AA72-48BF-9AF6-65D3CFF70D06}
	EndGlobalSection
EndGlobal
